// !$*UTF8*$!
{
	archiveVersion = 1;
	classes = {
	};
	objectVersion = 51;
	objects = {

/* Begin PBXBuildFile section */
		3B0C8789254742EB00EFB1DA /* AppDelegate.swift in Sources */ = {isa = PBXBuildFile; fileRef = 3B0C8788254742EB00EFB1DA /* AppDelegate.swift */; };
		3B0C878B254742EB00EFB1DA /* SceneDelegate.swift in Sources */ = {isa = PBXBuildFile; fileRef = 3B0C878A254742EB00EFB1DA /* SceneDelegate.swift */; };
		3B0C8790254742EB00EFB1DA /* Main.storyboard in Resources */ = {isa = PBXBuildFile; fileRef = 3B0C878E254742EB00EFB1DA /* Main.storyboard */; };
		3B0C8792254742EF00EFB1DA /* Assets.xcassets in Resources */ = {isa = PBXBuildFile; fileRef = 3B0C8791254742EF00EFB1DA /* Assets.xcassets */; };
		3B0C8795254742EF00EFB1DA /* LaunchScreen.storyboard in Resources */ = {isa = PBXBuildFile; fileRef = 3B0C8793254742EF00EFB1DA /* LaunchScreen.storyboard */; };
		3B0C879F2547492E00EFB1DA /* MainViewController.swift in Sources */ = {isa = PBXBuildFile; fileRef = 3B0C879E2547492E00EFB1DA /* MainViewController.swift */; };
		3B2198392551EEB7002899A6 /* MapViewController.swift in Sources */ = {isa = PBXBuildFile; fileRef = 3B2198382551EEB7002899A6 /* MapViewController.swift */; };
		3B442931254B551800A6B0B2 /* StorageManager.swift in Sources */ = {isa = PBXBuildFile; fileRef = 3B442930254B551800A6B0B2 /* StorageManager.swift */; };
		3B5496F32549FF9A002F8915 /* NewPlaceTableViewController.swift in Sources */ = {isa = PBXBuildFile; fileRef = 3B5496F22549FF9A002F8915 /* NewPlaceTableViewController.swift */; };
		3B82508C254E0CB200842B49 /* RaitingControl.swift in Sources */ = {isa = PBXBuildFile; fileRef = 3B82508B254E0CB200842B49 /* RaitingControl.swift */; };
		3BE7D74425489BD000AE71E4 /* CustomTableViewCell.swift in Sources */ = {isa = PBXBuildFile; fileRef = 3BE7D74325489BD000AE71E4 /* CustomTableViewCell.swift */; };
		3BE7D7472548A6DD00AE71E4 /* PlaceModel.swift in Sources */ = {isa = PBXBuildFile; fileRef = 3BE7D7462548A6DD00AE71E4 /* PlaceModel.swift */; };
		D9E5B6A82B9C9E9F22D9C690 /* Pods_MyPlace.framework in Frameworks */ = {isa = PBXBuildFile; fileRef = 1558BA43B63A9043B8D65A2C /* Pods_MyPlace.framework */; };
/* End PBXBuildFile section */

/* Begin PBXFileReference section */
		1558BA43B63A9043B8D65A2C /* Pods_MyPlace.framework */ = {isa = PBXFileReference; explicitFileType = wrapper.framework; includeInIndex = 0; path = Pods_MyPlace.framework; sourceTree = BUILT_PRODUCTS_DIR; };
		3B0C8785254742EB00EFB1DA /* MyPlace.app */ = {isa = PBXFileReference; explicitFileType = wrapper.application; includeInIndex = 0; path = MyPlace.app; sourceTree = BUILT_PRODUCTS_DIR; };
		3B0C8788254742EB00EFB1DA /* AppDelegate.swift */ = {isa = PBXFileReference; lastKnownFileType = sourcecode.swift; path = AppDelegate.swift; sourceTree = "<group>"; };
		3B0C878A254742EB00EFB1DA /* SceneDelegate.swift */ = {isa = PBXFileReference; lastKnownFileType = sourcecode.swift; path = SceneDelegate.swift; sourceTree = "<group>"; };
		3B0C878F254742EB00EFB1DA /* Base */ = {isa = PBXFileReference; lastKnownFileType = file.storyboard; name = Base; path = Base.lproj/Main.storyboard; sourceTree = "<group>"; };
		3B0C8791254742EF00EFB1DA /* Assets.xcassets */ = {isa = PBXFileReference; lastKnownFileType = folder.assetcatalog; path = Assets.xcassets; sourceTree = "<group>"; };
		3B0C8794254742EF00EFB1DA /* Base */ = {isa = PBXFileReference; lastKnownFileType = file.storyboard; name = Base; path = Base.lproj/LaunchScreen.storyboard; sourceTree = "<group>"; };
		3B0C8796254742EF00EFB1DA /* Info.plist */ = {isa = PBXFileReference; lastKnownFileType = text.plist.xml; path = Info.plist; sourceTree = "<group>"; };
		3B0C879E2547492E00EFB1DA /* MainViewController.swift */ = {isa = PBXFileReference; lastKnownFileType = sourcecode.swift; path = MainViewController.swift; sourceTree = "<group>"; };
		3B2198382551EEB7002899A6 /* MapViewController.swift */ = {isa = PBXFileReference; lastKnownFileType = sourcecode.swift; path = MapViewController.swift; sourceTree = "<group>"; };
		3B442930254B551800A6B0B2 /* StorageManager.swift */ = {isa = PBXFileReference; lastKnownFileType = sourcecode.swift; path = StorageManager.swift; sourceTree = "<group>"; };
		3B5496F22549FF9A002F8915 /* NewPlaceTableViewController.swift */ = {isa = PBXFileReference; lastKnownFileType = sourcecode.swift; path = NewPlaceTableViewController.swift; sourceTree = "<group>"; };
		3B82508B254E0CB200842B49 /* RaitingControl.swift */ = {isa = PBXFileReference; lastKnownFileType = sourcecode.swift; path = RaitingControl.swift; sourceTree = "<group>"; };
		3BE7D74325489BD000AE71E4 /* CustomTableViewCell.swift */ = {isa = PBXFileReference; lastKnownFileType = sourcecode.swift; path = CustomTableViewCell.swift; sourceTree = "<group>"; };
		3BE7D7462548A6DD00AE71E4 /* PlaceModel.swift */ = {isa = PBXFileReference; lastKnownFileType = sourcecode.swift; path = PlaceModel.swift; sourceTree = "<group>"; };
		51E34423EAD14AF7F2CCDB8D /* Pods-MyPlace.debug.xcconfig */ = {isa = PBXFileReference; includeInIndex = 1; lastKnownFileType = text.xcconfig; name = "Pods-MyPlace.debug.xcconfig"; path = "Target Support Files/Pods-MyPlace/Pods-MyPlace.debug.xcconfig"; sourceTree = "<group>"; };
		76C14F563314FB4AE47FFFF5 /* Pods-MyPlace.release.xcconfig */ = {isa = PBXFileReference; includeInIndex = 1; lastKnownFileType = text.xcconfig; name = "Pods-MyPlace.release.xcconfig"; path = "Target Support Files/Pods-MyPlace/Pods-MyPlace.release.xcconfig"; sourceTree = "<group>"; };
/* End PBXFileReference section */

/* Begin PBXFrameworksBuildPhase section */
		3B0C8782254742EB00EFB1DA /* Frameworks */ = {
			isa = PBXFrameworksBuildPhase;
			buildActionMask = 2147483647;
			files = (
				D9E5B6A82B9C9E9F22D9C690 /* Pods_MyPlace.framework in Frameworks */,
			);
			runOnlyForDeploymentPostprocessing = 0;
		};
/* End PBXFrameworksBuildPhase section */

/* Begin PBXGroup section */
		3B0C877C254742EB00EFB1DA = {
			isa = PBXGroup;
			children = (
				3B0C8787254742EB00EFB1DA /* MyPlace */,
				3B0C8786254742EB00EFB1DA /* Products */,
				4C83DAE8EA82BF300A5FF912 /* Pods */,
				C7BD1FF956D7080A7A914BF5 /* Frameworks */,
			);
			sourceTree = "<group>";
		};
		3B0C8786254742EB00EFB1DA /* Products */ = {
			isa = PBXGroup;
			children = (
				3B0C8785254742EB00EFB1DA /* MyPlace.app */,
			);
			name = Products;
			sourceTree = "<group>";
		};
		3B0C8787254742EB00EFB1DA /* MyPlace */ = {
			isa = PBXGroup;
			children = (
				3B0C8788254742EB00EFB1DA /* AppDelegate.swift */,
				3B0C878A254742EB00EFB1DA /* SceneDelegate.swift */,
				3B0C878E254742EB00EFB1DA /* Main.storyboard */,
				3B5496F22549FF9A002F8915 /* NewPlaceTableViewController.swift */,
				3BE7D7462548A6DD00AE71E4 /* PlaceModel.swift */,
				3B442930254B551800A6B0B2 /* StorageManager.swift */,
				3B0C879E2547492E00EFB1DA /* MainViewController.swift */,
				3BE7D74325489BD000AE71E4 /* CustomTableViewCell.swift */,
				3B82508B254E0CB200842B49 /* RaitingControl.swift */,
				3B2198382551EEB7002899A6 /* MapViewController.swift */,
				3B0C8791254742EF00EFB1DA /* Assets.xcassets */,
				3B0C8793254742EF00EFB1DA /* LaunchScreen.storyboard */,
				3B0C8796254742EF00EFB1DA /* Info.plist */,
			);
			path = MyPlace;
			sourceTree = "<group>";
		};
		4C83DAE8EA82BF300A5FF912 /* Pods */ = {
			isa = PBXGroup;
			children = (
				51E34423EAD14AF7F2CCDB8D /* Pods-MyPlace.debug.xcconfig */,
				76C14F563314FB4AE47FFFF5 /* Pods-MyPlace.release.xcconfig */,
			);
			path = Pods;
			sourceTree = "<group>";
		};
		C7BD1FF956D7080A7A914BF5 /* Frameworks */ = {
			isa = PBXGroup;
			children = (
				1558BA43B63A9043B8D65A2C /* Pods_MyPlace.framework */,
			);
			name = Frameworks;
			sourceTree = "<group>";
		};
/* End PBXGroup section */

/* Begin PBXNativeTarget section */
		3B0C8784254742EB00EFB1DA /* MyPlace */ = {
			isa = PBXNativeTarget;
			buildConfigurationList = 3B0C8799254742EF00EFB1DA /* Build configuration list for PBXNativeTarget "MyPlace" */;
			buildPhases = (
				9A930E4D83888FF7B0B159AD /* [CP] Check Pods Manifest.lock */,
				3B0C8781254742EB00EFB1DA /* Sources */,
				3B0C8782254742EB00EFB1DA /* Frameworks */,
				3B0C8783254742EB00EFB1DA /* Resources */,
				D92A8392B71CD08349D510E6 /* [CP] Embed Pods Frameworks */,
			);
			buildRules = (
			);
			dependencies = (
			);
			name = MyPlace;
			productName = MyPlace;
			productReference = 3B0C8785254742EB00EFB1DA /* MyPlace.app */;
			productType = "com.apple.product-type.application";
		};
/* End PBXNativeTarget section */

/* Begin PBXProject section */
		3B0C877D254742EB00EFB1DA /* Project object */ = {
			isa = PBXProject;
			attributes = {
				LastSwiftUpdateCheck = 1210;
				LastUpgradeCheck = 1210;
				TargetAttributes = {
					3B0C8784254742EB00EFB1DA = {
						CreatedOnToolsVersion = 12.1;
					};
				};
			};
			buildConfigurationList = 3B0C8780254742EB00EFB1DA /* Build configuration list for PBXProject "MyPlace" */;
			compatibilityVersion = "Xcode 9.3";
			developmentRegion = en;
			hasScannedForEncodings = 0;
			knownRegions = (
				en,
				Base,
			);
			mainGroup = 3B0C877C254742EB00EFB1DA;
			productRefGroup = 3B0C8786254742EB00EFB1DA /* Products */;
			projectDirPath = "";
			projectRoot = "";
			targets = (
				3B0C8784254742EB00EFB1DA /* MyPlace */,
			);
		};
/* End PBXProject section */

/* Begin PBXResourcesBuildPhase section */
		3B0C8783254742EB00EFB1DA /* Resources */ = {
			isa = PBXResourcesBuildPhase;
			buildActionMask = 2147483647;
			files = (
				3B0C8795254742EF00EFB1DA /* LaunchScreen.storyboard in Resources */,
				3B0C8792254742EF00EFB1DA /* Assets.xcassets in Resources */,
				3B0C8790254742EB00EFB1DA /* Main.storyboard in Resources */,
			);
			runOnlyForDeploymentPostprocessing = 0;
		};
/* End PBXResourcesBuildPhase section */

/* Begin PBXShellScriptBuildPhase section */
		9A930E4D83888FF7B0B159AD /* [CP] Check Pods Manifest.lock */ = {
			isa = PBXShellScriptBuildPhase;
			buildActionMask = 2147483647;
			files = (
			);
			inputFileListPaths = (
			);
			inputPaths = (
				"${PODS_PODFILE_DIR_PATH}/Podfile.lock",
				"${PODS_ROOT}/Manifest.lock",
			);
			name = "[CP] Check Pods Manifest.lock";
			outputFileListPaths = (
			);
			outputPaths = (
				"$(DERIVED_FILE_DIR)/Pods-MyPlace-checkManifestLockResult.txt",
			);
			runOnlyForDeploymentPostprocessing = 0;
			shellPath = /bin/sh;
			shellScript = "diff \"${PODS_PODFILE_DIR_PATH}/Podfile.lock\" \"${PODS_ROOT}/Manifest.lock\" > /dev/null\nif [ $? != 0 ] ; then\n    # print error to STDERR\n    echo \"error: The sandbox is not in sync with the Podfile.lock. Run 'pod install' or update your CocoaPods installation.\" >&2\n    exit 1\nfi\n# This output is used by Xcode 'outputs' to avoid re-running this script phase.\necho \"SUCCESS\" > \"${SCRIPT_OUTPUT_FILE_0}\"\n";
			showEnvVarsInLog = 0;
		};
		D92A8392B71CD08349D510E6 /* [CP] Embed Pods Frameworks */ = {
			isa = PBXShellScriptBuildPhase;
			buildActionMask = 2147483647;
			files = (
			);
			inputFileListPaths = (
				"${PODS_ROOT}/Target Support Files/Pods-MyPlace/Pods-MyPlace-frameworks-${CONFIGURATION}-input-files.xcfilelist",
			);
			name = "[CP] Embed Pods Frameworks";
			outputFileListPaths = (
				"${PODS_ROOT}/Target Support Files/Pods-MyPlace/Pods-MyPlace-frameworks-${CONFIGURATION}-output-files.xcfilelist",
			);
			runOnlyForDeploymentPostprocessing = 0;
			shellPath = /bin/sh;
			shellScript = "\"${PODS_ROOT}/Target Support Files/Pods-MyPlace/Pods-MyPlace-frameworks.sh\"\n";
			showEnvVarsInLog = 0;
		};
/* End PBXShellScriptBuildPhase section */

/* Begin PBXSourcesBuildPhase section */
		3B0C8781254742EB00EFB1DA /* Sources */ = {
			isa = PBXSourcesBuildPhase;
			buildActionMask = 2147483647;
			files = (
				3B5496F32549FF9A002F8915 /* NewPlaceTableViewController.swift in Sources */,
				3B0C8789254742EB00EFB1DA /* AppDelegate.swift in Sources */,
				3B0C879F2547492E00EFB1DA /* MainViewController.swift in Sources */,
				3B442931254B551800A6B0B2 /* StorageManager.swift in Sources */,
				3B2198392551EEB7002899A6 /* MapViewController.swift in Sources */,
				3BE7D7472548A6DD00AE71E4 /* PlaceModel.swift in Sources */,
				3BE7D74425489BD000AE71E4 /* CustomTableViewCell.swift in Sources */,
				3B82508C254E0CB200842B49 /* RaitingControl.swift in Sources */,
				3B0C878B254742EB00EFB1DA /* SceneDelegate.swift in Sources */,
			);
			runOnlyForDeploymentPostprocessing = 0;
		};
/* End PBXSourcesBuildPhase section */

/* Begin PBXVariantGroup section */
		3B0C878E254742EB00EFB1DA /* Main.storyboard */ = {
			isa = PBXVariantGroup;
			children = (
				3B0C878F254742EB00EFB1DA /* Base */,
			);
			name = Main.storyboard;
			sourceTree = "<group>";
		};
		3B0C8793254742EF00EFB1DA /* LaunchScreen.storyboard */ = {
			isa = PBXVariantGroup;
			children = (
				3B0C8794254742EF00EFB1DA /* Base */,
			);
			name = LaunchScreen.storyboard;
			sourceTree = "<group>";
		};
/* End PBXVariantGroup section */

/* Begin XCBuildConfiguration section */
		3B0C8797254742EF00EFB1DA /* Debug */ = {
			isa = XCBuildConfiguration;
			buildSettings = {
				ALWAYS_SEARCH_USER_PATHS = NO;
				CLANG_ANALYZER_NONNULL = YES;
				CLANG_ANALYZER_NUMBER_OBJECT_CONVERSION = YES_AGGRESSIVE;
				CLANG_CXX_LANGUAGE_STANDARD = "gnu++14";
				CLANG_CXX_LIBRARY = "libc++";
				CLANG_ENABLE_MODULES = YES;
				CLANG_ENABLE_OBJC_ARC = YES;
				CLANG_ENABLE_OBJC_WEAK = YES;
				CLANG_WARN_BLOCK_CAPTURE_AUTORELEASING = YES;
				CLANG_WARN_BOOL_CONVERSION = YES;
				CLANG_WARN_COMMA = YES;
				CLANG_WARN_CONSTANT_CONVERSION = YES;
				CLANG_WARN_DEPRECATED_OBJC_IMPLEMENTATIONS = YES;
				CLANG_WARN_DIRECT_OBJC_ISA_USAGE = YES_ERROR;
				CLANG_WARN_DOCUMENTATION_COMMENTS = YES;
				CLANG_WARN_EMPTY_BODY = YES;
				CLANG_WARN_ENUM_CONVERSION = YES;
				CLANG_WARN_INFINITE_RECURSION = YES;
				CLANG_WARN_INT_CONVERSION = YES;
				CLANG_WARN_NON_LITERAL_NULL_CONVERSION = YES;
				CLANG_WARN_OBJC_IMPLICIT_RETAIN_SELF = YES;
				CLANG_WARN_OBJC_LITERAL_CONVERSION = YES;
				CLANG_WARN_OBJC_ROOT_CLASS = YES_ERROR;
				CLANG_WARN_QUOTED_INCLUDE_IN_FRAMEWORK_HEADER = YES;
				CLANG_WARN_RANGE_LOOP_ANALYSIS = YES;
				CLANG_WARN_STRICT_PROTOTYPES = YES;
				CLANG_WARN_SUSPICIOUS_MOVE = YES;
				CLANG_WARN_UNGUARDED_AVAILABILITY = YES_AGGRESSIVE;
				CLANG_WARN_UNREACHABLE_CODE = YES;
				CLANG_WARN__DUPLICATE_METHOD_MATCH = YES;
				COPY_PHASE_STRIP = NO;
				DEBUG_INFORMATION_FORMAT = dwarf;
				ENABLE_STRICT_OBJC_MSGSEND = YES;
				ENABLE_TESTABILITY = YES;
				GCC_C_LANGUAGE_STANDARD = gnu11;
				GCC_DYNAMIC_NO_PIC = NO;
				GCC_NO_COMMON_BLOCKS = YES;
				GCC_OPTIMIZATION_LEVEL = 0;
				GCC_PREPROCESSOR_DEFINITIONS = (
					"DEBUG=1",
					"$(inherited)",
				);
				GCC_WARN_64_TO_32_BIT_CONVERSION = YES;
				GCC_WARN_ABOUT_RETURN_TYPE = YES_ERROR;
				GCC_WARN_UNDECLARED_SELECTOR = YES;
				GCC_WARN_UNINITIALIZED_AUTOS = YES_AGGRESSIVE;
				GCC_WARN_UNUSED_FUNCTION = YES;
				GCC_WARN_UNUSED_VARIABLE = YES;
				IPHONEOS_DEPLOYMENT_TARGET = 14.1;
				MTL_ENABLE_DEBUG_INFO = INCLUDE_SOURCE;
				MTL_FAST_MATH = YES;
				ONLY_ACTIVE_ARCH = YES;
				SDKROOT = iphoneos;
				SWIFT_ACTIVE_COMPILATION_CONDITIONS = DEBUG;
				SWIFT_OPTIMIZATION_LEVEL = "-Onone";
			};
			name = Debug;
		};
		3B0C8798254742EF00EFB1DA /* Release */ = {
			isa = XCBuildConfiguration;
			buildSettings = {
				ALWAYS_SEARCH_USER_PATHS = NO;
				CLANG_ANALYZER_NONNULL = YES;
				CLANG_ANALYZER_NUMBER_OBJECT_CONVERSION = YES_AGGRESSIVE;
				CLANG_CXX_LANGUAGE_STANDARD = "gnu++14";
				CLANG_CXX_LIBRARY = "libc++";
				CLANG_ENABLE_MODULES = YES;
				CLANG_ENABLE_OBJC_ARC = YES;
				CLANG_ENABLE_OBJC_WEAK = YES;
				CLANG_WARN_BLOCK_CAPTURE_AUTORELEASING = YES;
				CLANG_WARN_BOOL_CONVERSION = YES;
				CLANG_WARN_COMMA = YES;
				CLANG_WARN_CONSTANT_CONVERSION = YES;
				CLANG_WARN_DEPRECATED_OBJC_IMPLEMENTATIONS = YES;
				CLANG_WARN_DIRECT_OBJC_ISA_USAGE = YES_ERROR;
				CLANG_WARN_DOCUMENTATION_COMMENTS = YES;
				CLANG_WARN_EMPTY_BODY = YES;
				CLANG_WARN_ENUM_CONVERSION = YES;
				CLANG_WARN_INFINITE_RECURSION = YES;
				CLANG_WARN_INT_CONVERSION = YES;
				CLANG_WARN_NON_LITERAL_NULL_CONVERSION = YES;
				CLANG_WARN_OBJC_IMPLICIT_RETAIN_SELF = YES;
				CLANG_WARN_OBJC_LITERAL_CONVERSION = YES;
				CLANG_WARN_OBJC_ROOT_CLASS = YES_ERROR;
				CLANG_WARN_QUOTED_INCLUDE_IN_FRAMEWORK_HEADER = YES;
				CLANG_WARN_RANGE_LOOP_ANALYSIS = YES;
				CLANG_WARN_STRICT_PROTOTYPES = YES;
				CLANG_WARN_SUSPICIOUS_MOVE = YES;
				CLANG_WARN_UNGUARDED_AVAILABILITY = YES_AGGRESSIVE;
				CLANG_WARN_UNREACHABLE_CODE = YES;
				CLANG_WARN__DUPLICATE_METHOD_MATCH = YES;
				COPY_PHASE_STRIP = NO;
				DEBUG_INFORMATION_FORMAT = "dwarf-with-dsym";
				ENABLE_NS_ASSERTIONS = NO;
				ENABLE_STRICT_OBJC_MSGSEND = YES;
				GCC_C_LANGUAGE_STANDARD = gnu11;
				GCC_NO_COMMON_BLOCKS = YES;
				GCC_WARN_64_TO_32_BIT_CONVERSION = YES;
				GCC_WARN_ABOUT_RETURN_TYPE = YES_ERROR;
				GCC_WARN_UNDECLARED_SELECTOR = YES;
				GCC_WARN_UNINITIALIZED_AUTOS = YES_AGGRESSIVE;
				GCC_WARN_UNUSED_FUNCTION = YES;
				GCC_WARN_UNUSED_VARIABLE = YES;
				IPHONEOS_DEPLOYMENT_TARGET = 14.1;
				MTL_ENABLE_DEBUG_INFO = NO;
				MTL_FAST_MATH = YES;
				SDKROOT = iphoneos;
				SWIFT_COMPILATION_MODE = wholemodule;
				SWIFT_OPTIMIZATION_LEVEL = "-O";
				VALIDATE_PRODUCT = YES;
			};
			name = Release;
		};
		3B0C879A254742EF00EFB1DA /* Debug */ = {
			isa = XCBuildConfiguration;
			baseConfigurationReference = 51E34423EAD14AF7F2CCDB8D /* Pods-MyPlace.debug.xcconfig */;
			buildSettings = {
				ASSETCATALOG_COMPILER_APPICON_NAME = AppIcon;
				ASSETCATALOG_COMPILER_GLOBAL_ACCENT_COLOR_NAME = AccentColor;
				CODE_SIGN_STYLE = Automatic;
				DEVELOPMENT_TEAM = G3VP62JDQQ;
				INFOPLIST_FILE = MyPlace/Info.plist;
				LD_RUNPATH_SEARCH_PATHS = (
					"$(inherited)",
					"@executable_path/Frameworks",
				);
				PRODUCT_BUNDLE_IDENTIFIER = Kimchanskii.MyPlace;
				PRODUCT_NAME = "$(TARGET_NAME)";
				SWIFT_VERSION = 5.0;
				TARGETED_DEVICE_FAMILY = "1,2";
			};
			name = Debug;
		};
		3B0C879B254742EF00EFB1DA /* Release */ = {
			isa = XCBuildConfiguration;
			baseConfigurationReference = 76C14F563314FB4AE47FFFF5 /* Pods-MyPlace.release.xcconfig */;
			buildSettings = {
				ASSETCATALOG_COMPILER_APPICON_NAME = AppIcon;
				ASSETCATALOG_COMPILER_GLOBAL_ACCENT_COLOR_NAME = AccentColor;
				CODE_SIGN_STYLE = Automatic;
				DEVELOPMENT_TEAM = G3VP62JDQQ;
				INFOPLIST_FILE = MyPlace/Info.plist;
				LD_RUNPATH_SEARCH_PATHS = (
					"$(inherited)",
					"@executable_path/Frameworks",
				);
				PRODUCT_BUNDLE_IDENTIFIER = Kimchanskii.MyPlace;
				PRODUCT_NAME = "$(TARGET_NAME)";
				SWIFT_VERSION = 5.0;
				TARGETED_DEVICE_FAMILY = "1,2";
			};
			name = Release;
		};
/* End XCBuildConfiguration section */

/* Begin XCConfigurationList section */
		3B0C8780254742EB00EFB1DA /* Build configuration list for PBXProject "MyPlace" */ = {
			isa = XCConfigurationList;
			buildConfigurations = (
				3B0C8797254742EF00EFB1DA /* Debug */,
				3B0C8798254742EF00EFB1DA /* Release */,
			);
			defaultConfigurationIsVisible = 0;
			defaultConfigurationName = Release;
		};
		3B0C8799254742EF00EFB1DA /* Build configuration list for PBXNativeTarget "MyPlace" */ = {
			isa = XCConfigurationList;
			buildConfigurations = (
				3B0C879A254742EF00EFB1DA /* Debug */,
				3B0C879B254742EF00EFB1DA /* Release */,
			);
			defaultConfigurationIsVisible = 0;
			defaultConfigurationName = Release;
		};
/* End XCConfigurationList section */
	};
	rootObject = 3B0C877D254742EB00EFB1DA /* Project object */;
}
